// !$*UTF8*$!
{
	archiveVersion = 1;
	classes = {
	};
	objectVersion = 46;
	objects = {

/* Begin PBXBuildFile section */
		EAF5AC031D9F842A00464609 /* AppDelegate.swift in Sources */ = {isa = PBXBuildFile; fileRef = EAF5AC021D9F842A00464609 /* AppDelegate.swift */; };
		EAF5AC051D9F842A00464609 /* ViewController.swift in Sources */ = {isa = PBXBuildFile; fileRef = EAF5AC041D9F842A00464609 /* ViewController.swift */; };
		EAF5AC081D9F842A00464609 /* Main.storyboard in Resources */ = {isa = PBXBuildFile; fileRef = EAF5AC061D9F842A00464609 /* Main.storyboard */; };
		EAF5AC0A1D9F842A00464609 /* Assets.xcassets in Resources */ = {isa = PBXBuildFile; fileRef = EAF5AC091D9F842A00464609 /* Assets.xcassets */; };
		EAF5AC0D1D9F842A00464609 /* LaunchScreen.storyboard in Resources */ = {isa = PBXBuildFile; fileRef = EAF5AC0B1D9F842A00464609 /* LaunchScreen.storyboard */; };
/* End PBXBuildFile section */

/* Begin PBXFileReference section */
		EAF5ABFF1D9F842A00464609 /* Wift App.app */ = {isa = PBXFileReference; explicitFileType = wrapper.application; includeInIndex = 0; path = "Wift App.app"; sourceTree = BUILT_PRODUCTS_DIR; };
		EAF5AC021D9F842A00464609 /* AppDelegate.swift */ = {isa = PBXFileReference; lastKnownFileType = sourcecode.swift; path = AppDelegate.swift; sourceTree = "<group>"; };
		EAF5AC041D9F842A00464609 /* ViewController.swift */ = {isa = PBXFileReference; lastKnownFileType = sourcecode.swift; path = ViewController.swift; sourceTree = "<group>"; };
		EAF5AC071D9F842A00464609 /* Base */ = {isa = PBXFileReference; lastKnownFileType = file.storyboard; name = Base; path = Base.lproj/Main.storyboard; sourceTree = "<group>"; };
		EAF5AC091D9F842A00464609 /* Assets.xcassets */ = {isa = PBXFileReference; lastKnownFileType = folder.assetcatalog; path = Assets.xcassets; sourceTree = "<group>"; };
		EAF5AC0C1D9F842A00464609 /* Base */ = {isa = PBXFileReference; lastKnownFileType = file.storyboard; name = Base; path = Base.lproj/LaunchScreen.storyboard; sourceTree = "<group>"; };
		EAF5AC0E1D9F842A00464609 /* Info.plist */ = {isa = PBXFileReference; lastKnownFileType = text.plist.xml; path = Info.plist; sourceTree = "<group>"; };
/* End PBXFileReference section */

/* Begin PBXFrameworksBuildPhase section */
		EAF5ABFC1D9F842900464609 /* Frameworks */ = {
			isa = PBXFrameworksBuildPhase;
			buildActionMask = 2147483647;
			files = (
			);
			runOnlyForDeploymentPostprocessing = 0;
		};
/* End PBXFrameworksBuildPhase section */

/* Begin PBXGroup section */
		EAF5ABF61D9F842900464609 = {
			isa = PBXGroup;
			children = (
				EAF5AC011D9F842A00464609 /* Wift App */,
				EAF5AC001D9F842A00464609 /* Products */,
			);
			sourceTree = "<group>";
		};
		EAF5AC001D9F842A00464609 /* Products */ = {
			isa = PBXGroup;
			children = (
				EAF5ABFF1D9F842A00464609 /* Wift App.app */,
			);
			name = Products;
			sourceTree = "<group>";
		};
		EAF5AC011D9F842A00464609 /* Wift App */ = {
			isa = PBXGroup;
			children = (
				EAF5AC021D9F842A00464609 /* AppDelegate.swift */,
				EAF5AC041D9F842A00464609 /* ViewController.swift */,
				EAF5AC061D9F842A00464609 /* Main.storyboard */,
				EAF5AC091D9F842A00464609 /* Assets.xcassets */,
				EAF5AC0B1D9F842A00464609 /* LaunchScreen.storyboard */,
				EAF5AC0E1D9F842A00464609 /* Info.plist */,
			);
			path = "Wift App";
			sourceTree = "<group>";
		};
/* End PBXGroup section */

/* Begin PBXNativeTarget section */
		EAF5ABFE1D9F842900464609 /* Wift App */ = {
			isa = PBXNativeTarget;
			buildConfigurationList = EAF5AC111D9F842A00464609 /* Build configuration list for PBXNativeTarget "Wift App" */;
			buildPhases = (
				EAF5ABFB1D9F842900464609 /* Sources */,
				EAF5ABFC1D9F842900464609 /* Frameworks */,
				EAF5ABFD1D9F842900464609 /* Resources */,
			);
			buildRules = (
			);
			dependencies = (
			);
			name = "Wift App";
			productName = "Wift App";
			productReference = EAF5ABFF1D9F842A00464609 /* Wift App.app */;
			productType = "com.apple.product-type.application";
		};
/* End PBXNativeTarget section */

/* Begin PBXProject section */
		EAF5ABF71D9F842900464609 /* Project object */ = {
			isa = PBXProject;
			attributes = {
				LastSwiftUpdateCheck = 0800;
				LastUpgradeCheck = 0800;
				ORGANIZATIONNAME = Smokeypo;
				TargetAttributes = {
					EAF5ABFE1D9F842900464609 = {
						CreatedOnToolsVersion = 8.0;
						ProvisioningStyle = Automatic;
					};
				};
			};
			buildConfigurationList = EAF5ABFA1D9F842900464609 /* Build configuration list for PBXProject "Wift App" */;
			compatibilityVersion = "Xcode 3.2";
			developmentRegion = English;
			hasScannedForEncodings = 0;
			knownRegions = (
				en,
				Base,
			);
			mainGroup = EAF5ABF61D9F842900464609;
			productRefGroup = EAF5AC001D9F842A00464609 /* Products */;
			projectDirPath = "";
			projectRoot = "";
			targets = (
				EAF5ABFE1D9F842900464609 /* Wift App */,
			);
		};
/* End PBXProject section */

/* Begin PBXResourcesBuildPhase section */
		EAF5ABFD1D9F842900464609 /* Resources */ = {
			isa = PBXResourcesBuildPhase;
			buildActionMask = 2147483647;
			files = (
				EAF5AC0D1D9F842A00464609 /* LaunchScreen.storyboard in Resources */,
				EAF5AC0A1D9F842A00464609 /* Assets.xcassets in Resources */,
				EAF5AC081D9F842A00464609 /* Main.storyboard in Resources */,
			);
			runOnlyForDeploymentPostprocessing = 0;
		};
/* End PBXResourcesBuildPhase section */

/* Begin PBXSourcesBuildPhase section */
		EAF5ABFB1D9F842900464609 /* Sources */ = {
			isa = PBXSourcesBuildPhase;
			buildActionMask = 2147483647;
			files = (
				EAF5AC051D9F842A00464609 /* ViewController.swift in Sources */,
				EAF5AC031D9F842A00464609 /* AppDelegate.swift in Sources */,
			);
			runOnlyForDeploymentPostprocessing = 0;
		};
/* End PBXSourcesBuildPhase section */

/* Begin PBXVariantGroup section */
		EAF5AC061D9F842A00464609 /* Main.storyboard */ = {
			isa = PBXVariantGroup;
			children = (
				EAF5AC071D9F842A00464609 /* Base */,
			);
			name = Main.storyboard;
			sourceTree = "<group>";
		};
		EAF5AC0B1D9F842A00464609 /* LaunchScreen.storyboard */ = {
			isa = PBXVariantGroup;
			children = (
				EAF5AC0C1D9F842A00464609 /* Base */,
			);
			name = LaunchScreen.storyboard;
			sourceTree = "<group>";
		};
/* End PBXVariantGroup section */

/* Begin XCBuildConfiguration section */
		EAF5AC0F1D9F842A00464609 /* Debug */ = {
			isa = XCBuildConfiguration;
			buildSettings = {
				ALWAYS_SEARCH_USER_PATHS = NO;
				CLANG_ANALYZER_NONNULL = YES;
				CLANG_CXX_LANGUAGE_STANDARD = "gnu++0x";
				CLANG_CXX_LIBRARY = "libc++";
				CLANG_ENABLE_MODULES = YES;
				CLANG_ENABLE_OBJC_ARC = YES;
				CLANG_WARN_BOOL_CONVERSION = YES;
				CLANG_WARN_CONSTANT_CONVERSION = YES;
				CLANG_WARN_DIRECT_OBJC_ISA_USAGE = YES_ERROR;
				CLANG_WARN_DOCUMENTATION_COMMENTS = YES;
				CLANG_WARN_EMPTY_BODY = YES;
				CLANG_WARN_ENUM_CONVERSION = YES;
				CLANG_WARN_INFINITE_RECURSION = YES;
				CLANG_WARN_INT_CONVERSION = YES;
				CLANG_WARN_OBJC_ROOT_CLASS = YES_ERROR;
				CLANG_WARN_SUSPICIOUS_MOVES = YES;
				CLANG_WARN_UNREACHABLE_CODE = YES;
				CLANG_WARN__DUPLICATE_METHOD_MATCH = YES;
				"CODE_SIGN_IDENTITY[sdk=iphoneos*]" = "iPhone Developer";
				COPY_PHASE_STRIP = NO;
				DEBUG_INFORMATION_FORMAT = dwarf;
				ENABLE_STRICT_OBJC_MSGSEND = YES;
				ENABLE_TESTABILITY = YES;
				GCC_C_LANGUAGE_STANDARD = gnu99;
				GCC_DYNAMIC_NO_PIC = NO;
				GCC_NO_COMMON_BLOCKS = YES;
				GCC_OPTIMIZATION_LEVEL = 0;
				GCC_PREPROCESSOR_DEFINITIONS = (
					"DEBUG=1",
					"$(inherited)",
				);
				GCC_WARN_64_TO_32_BIT_CONVERSION = YES;
				GCC_WARN_ABOUT_RETURN_TYPE = YES_ERROR;
				GCC_WARN_UNDECLARED_SELECTOR = YES;
				GCC_WARN_UNINITIALIZED_AUTOS = YES_AGGRESSIVE;
				GCC_WARN_UNUSED_FUNCTION = YES;
				GCC_WARN_UNUSED_VARIABLE = YES;
				IPHONEOS_DEPLOYMENT_TARGET = 10.0;
				MTL_ENABLE_DEBUG_INFO = YES;
				ONLY_ACTIVE_ARCH = YES;
				SDKROOT = iphoneos;
				SWIFT_ACTIVE_COMPILATION_CONDITIONS = DEBUG;
				SWIFT_OPTIMIZATION_LEVEL = "-Onone";
				TARGETED_DEVICE_FAMILY = "1,2";
			};
			name = Debug;
		};
		EAF5AC101D9F842A00464609 /* Release */ = {
			isa = XCBuildConfiguration;
			buildSettings = {
				ALWAYS_SEARCH_USER_PATHS = NO;
				CLANG_ANALYZER_NONNULL = YES;
				CLANG_CXX_LANGUAGE_STANDARD = "gnu++0x";
				CLANG_CXX_LIBRARY = "libc++";
				CLANG_ENABLE_MODULES = YES;
				CLANG_ENABLE_OBJC_ARC = YES;
				CLANG_WARN_BOOL_CONVERSION = YES;
				CLANG_WARN_CONSTANT_CONVERSION = YES;
				CLANG_WARN_DIRECT_OBJC_ISA_USAGE = YES_ERROR;
				CLANG_WARN_DOCUMENTATION_COMMENTS = YES;
				CLANG_WARN_EMPTY_BODY = YES;
				CLANG_WARN_ENUM_CONVERSION = YES;
				CLANG_WARN_INFINITE_RECURSION = YES;
				CLANG_WARN_INT_CONVERSION = YES;
				CLANG_WARN_OBJC_ROOT_CLASS = YES_ERROR;
				CLANG_WARN_SUSPICIOUS_MOVES = YES;
				CLANG_WARN_UNREACHABLE_CODE = YES;
				CLANG_WARN__DUPLICATE_METHOD_MATCH = YES;
				"CODE_SIGN_IDENTITY[sdk=iphoneos*]" = "iPhone Developer";
				COPY_PHASE_STRIP = NO;
				DEBUG_INFORMATION_FORMAT = "dwarf-with-dsym";
				ENABLE_NS_ASSERTIONS = NO;
				ENABLE_STRICT_OBJC_MSGSEND = YES;
				GCC_C_LANGUAGE_STANDARD = gnu99;
				GCC_NO_COMMON_BLOCKS = YES;
				GCC_WARN_64_TO_32_BIT_CONVERSION = YES;
				GCC_WARN_ABOUT_RETURN_TYPE = YES_ERROR;
				GCC_WARN_UNDECLARED_SELECTOR = YES;
				GCC_WARN_UNINITIALIZED_AUTOS = YES_AGGRESSIVE;
				GCC_WARN_UNUSED_FUNCTION = YES;
				GCC_WARN_UNUSED_VARIABLE = YES;
				IPHONEOS_DEPLOYMENT_TARGET = 10.0;
				MTL_ENABLE_DEBUG_INFO = NO;
				SDKROOT = iphoneos;
				SWIFT_OPTIMIZATION_LEVEL = "-Owholemodule";
				TARGETED_DEVICE_FAMILY = "1,2";
				VALIDATE_PRODUCT = YES;
			};
			name = Release;
		};
		EAF5AC121D9F842A00464609 /* Debug */ = {
			isa = XCBuildConfiguration;
			buildSettings = {
				ASSETCATALOG_COMPILER_APPICON_NAME = AppIcon;
				INFOPLIST_FILE = "Wift App/Info.plist";
				LD_RUNPATH_SEARCH_PATHS = "$(inherited) @executable_path/Frameworks";
				PRODUCT_BUNDLE_IDENTIFIER = "com.smokeypo.neil.Wift-App";
				PRODUCT_NAME = "$(TARGET_NAME)";
				SWIFT_VERSION = 3.0;
			};
			name = Debug;
		};
		EAF5AC131D9F842A00464609 /* Release */ = {
			isa = XCBuildConfiguration;
			buildSettings = {
				ASSETCATALOG_COMPILER_APPICON_NAME = AppIcon;
				INFOPLIST_FILE = "Wift App/Info.plist";
				LD_RUNPATH_SEARCH_PATHS = "$(inherited) @executable_path/Frameworks";
				PRODUCT_BUNDLE_IDENTIFIER = "com.smokeypo.neil.Wift-App";
				PRODUCT_NAME = "$(TARGET_NAME)";
				SWIFT_VERSION = 3.0;
			};
			name = Release;
		};
/* End XCBuildConfiguration section */

/* Begin XCConfigurationList section */
		EAF5ABFA1D9F842900464609 /* Build configuration list for PBXProject "Wift App" */ = {
			isa = XCConfigurationList;
			buildConfigurations = (
				EAF5AC0F1D9F842A00464609 /* Debug */,
				EAF5AC101D9F842A00464609 /* Release */,
			);
			defaultConfigurationIsVisible = 0;
			defaultConfigurationName = Release;
		};
		EAF5AC111D9F842A00464609 /* Build configuration list for PBXNativeTarget "Wift App" */ = {
			isa = XCConfigurationList;
			buildConfigurations = (
				EAF5AC121D9F842A00464609 /* Debug */,
				EAF5AC131D9F842A00464609 /* Release */,
			);
			defaultConfigurationIsVisible = 0;
		};
/* End XCConfigurationList section */
	};
	rootObject = EAF5ABF71D9F842900464609 /* Project object */;
}
